
Microsoft Visual Studio Solution File, Format Version 12.00
# Visual Studio Version 17
VisualStudioVersion = 17.1.32414.318
MinimumVisualStudioVersion = 10.0.40219.1
Project("{FAE04EC0-301F-11D3-BF4B-00C04F79EFBC}") = "Restaurant.API", "Restaurant\Restaurant.API.csproj", "{3ADE3058-DAA6-476C-8CE2-08D51990F44E}"
EndProject
Global
	GlobalSection(SolutionConfigurationPlatforms) = preSolution
		Debug|Any CPU = Debug|Any CPU
		Release|Any CPU = Release|Any CPU
	EndGlobalSection
	GlobalSection(ProjectConfigurationPlatforms) = postSolution
		{3ADE3058-DAA6-476C-8CE2-08D51990F44E}.Debug|Any CPU.ActiveCfg = Debug|Any CPU
		{3ADE3058-DAA6-476C-8CE2-08D51990F44E}.Debug|Any CPU.Build.0 = Debug|Any CPU
		{3ADE3058-DAA6-476C-8CE2-08D51990F44E}.Release|Any CPU.ActiveCfg = Release|Any CPU
		{3ADE3058-DAA6-476C-8CE2-08D51990F44E}.Release|Any CPU.Build.0 = Release|Any CPU
	EndGlobalSection
	GlobalSection(SolutionProperties) = preSolution
		HideSolutionNode = FALSE
	EndGlobalSection
	GlobalSection(ExtensibilityGlobals) = postSolution
		SolutionGuid = {38F4EC81-4120-46D1-98D8-F8A2C6815C06}
	EndGlobalSection
EndGlobal
